# This file is generated by running "yarn install" inside your project.
# Manual changes might be lost - proceed with caution!

__metadata:
  version: 8
  cacheKey: 10c0

"@babel/code-frame@npm:^7.26.2":
  version: 7.26.2
  resolution: "@babel/code-frame@npm:7.26.2"
  dependencies:
    "@babel/helper-validator-identifier": "npm:^7.25.9"
    js-tokens: "npm:^4.0.0"
    picocolors: "npm:^1.0.0"
  checksum: 10c0/7d79621a6849183c415486af99b1a20b84737e8c11cd55b6544f688c51ce1fd710e6d869c3dd21232023da272a79b91efb3e83b5bc2dc65c1187c5fcd1b72ea8
  languageName: node
  linkType: hard

"@babel/generator@npm:^7.26.10, @babel/generator@npm:^7.26.5":
  version: 7.26.10
  resolution: "@babel/generator@npm:7.26.10"
  dependencies:
    "@babel/parser": "npm:^7.26.10"
    "@babel/types": "npm:^7.26.10"
    "@jridgewell/gen-mapping": "npm:^0.3.5"
    "@jridgewell/trace-mapping": "npm:^0.3.25"
    jsesc: "npm:^3.0.2"
  checksum: 10c0/88b3b3ea80592fc89349c4e1a145e1386e4042866d2507298adf452bf972f68d13bf699a845e6ab8c028bd52c2247013eb1221b86e1db5c9779faacba9c4b10e
  languageName: node
  linkType: hard

"@babel/helper-string-parser@npm:^7.25.9":
  version: 7.25.9
  resolution: "@babel/helper-string-parser@npm:7.25.9"
  checksum: 10c0/7244b45d8e65f6b4338a6a68a8556f2cb161b782343e97281a5f2b9b93e420cad0d9f5773a59d79f61d0c448913d06f6a2358a87f2e203cf112e3c5b53522ee6
  languageName: node
  linkType: hard

"@babel/helper-validator-identifier@npm:^7.25.9":
  version: 7.25.9
  resolution: "@babel/helper-validator-identifier@npm:7.25.9"
  checksum: 10c0/4fc6f830177b7b7e887ad3277ddb3b91d81e6c4a24151540d9d1023e8dc6b1c0505f0f0628ae653601eb4388a8db45c1c14b2c07a9173837aef7e4116456259d
  languageName: node
  linkType: hard

"@babel/parser@npm:^7.26.10, @babel/parser@npm:^7.26.7, @babel/parser@npm:^7.26.9":
  version: 7.26.10
  resolution: "@babel/parser@npm:7.26.10"
  dependencies:
    "@babel/types": "npm:^7.26.10"
  bin:
    parser: ./bin/babel-parser.js
  checksum: 10c0/c47f5c0f63cd12a663e9dc94a635f9efbb5059d98086a92286d7764357c66bceba18ccbe79333e01e9be3bfb8caba34b3aaebfd8e62c3d5921c8cf907267be75
  languageName: node
  linkType: hard

"@babel/template@npm:^7.26.9":
  version: 7.26.9
  resolution: "@babel/template@npm:7.26.9"
  dependencies:
    "@babel/code-frame": "npm:^7.26.2"
    "@babel/parser": "npm:^7.26.9"
    "@babel/types": "npm:^7.26.9"
  checksum: 10c0/019b1c4129cc01ad63e17529089c2c559c74709d225f595eee017af227fee11ae8a97a6ab19ae6768b8aa22d8d75dcb60a00b28f52e9fa78140672d928bc1ae9
  languageName: node
  linkType: hard

"@babel/traverse@npm:^7.26.7":
  version: 7.26.10
  resolution: "@babel/traverse@npm:7.26.10"
  dependencies:
    "@babel/code-frame": "npm:^7.26.2"
    "@babel/generator": "npm:^7.26.10"
    "@babel/parser": "npm:^7.26.10"
    "@babel/template": "npm:^7.26.9"
    "@babel/types": "npm:^7.26.10"
    debug: "npm:^4.3.1"
    globals: "npm:^11.1.0"
  checksum: 10c0/4e86bb4e3c30a6162bb91df86329df79d96566c3e2d9ccba04f108c30473a3a4fd360d9990531493d90f6a12004f10f616bf9b9229ca30c816b708615e9de2ac
  languageName: node
  linkType: hard

"@babel/types@npm:^7.26.10, @babel/types@npm:^7.26.7, @babel/types@npm:^7.26.9":
  version: 7.26.10
  resolution: "@babel/types@npm:7.26.10"
  dependencies:
    "@babel/helper-string-parser": "npm:^7.25.9"
    "@babel/helper-validator-identifier": "npm:^7.25.9"
  checksum: 10c0/7a7f83f568bfc3dfabfaf9ae3a97ab5c061726c0afa7dcd94226d4f84a81559da368ed79671e3a8039d16f12476cf110381a377ebdea07587925f69628200dac
  languageName: node
  linkType: hard

"@jridgewell/gen-mapping@npm:^0.3.5":
  version: 0.3.8
  resolution: "@jridgewell/gen-mapping@npm:0.3.8"
  dependencies:
    "@jridgewell/set-array": "npm:^1.2.1"
    "@jridgewell/sourcemap-codec": "npm:^1.4.10"
    "@jridgewell/trace-mapping": "npm:^0.3.24"
  checksum: 10c0/c668feaf86c501d7c804904a61c23c67447b2137b813b9ce03eca82cb9d65ac7006d766c218685d76e3d72828279b6ee26c347aa1119dab23fbaf36aed51585a
  languageName: node
  linkType: hard

"@jridgewell/resolve-uri@npm:^3.1.0":
  version: 3.1.2
  resolution: "@jridgewell/resolve-uri@npm:3.1.2"
  checksum: 10c0/d502e6fb516b35032331406d4e962c21fe77cdf1cbdb49c6142bcbd9e30507094b18972778a6e27cbad756209cfe34b1a27729e6fa08a2eb92b33943f680cf1e
  languageName: node
  linkType: hard

"@jridgewell/set-array@npm:^1.2.1":
  version: 1.2.1
  resolution: "@jridgewell/set-array@npm:1.2.1"
  checksum: 10c0/2a5aa7b4b5c3464c895c802d8ae3f3d2b92fcbe84ad12f8d0bfbb1f5ad006717e7577ee1fd2eac00c088abe486c7adb27976f45d2941ff6b0b92b2c3302c60f4
  languageName: node
  linkType: hard

"@jridgewell/sourcemap-codec@npm:^1.4.10, @jridgewell/sourcemap-codec@npm:^1.4.14":
  version: 1.5.0
  resolution: "@jridgewell/sourcemap-codec@npm:1.5.0"
  checksum: 10c0/2eb864f276eb1096c3c11da3e9bb518f6d9fc0023c78344cdc037abadc725172c70314bdb360f2d4b7bffec7f5d657ce006816bc5d4ecb35e61b66132db00c18
  languageName: node
  linkType: hard

"@jridgewell/trace-mapping@npm:^0.3.24, @jridgewell/trace-mapping@npm:^0.3.25":
  version: 0.3.25
  resolution: "@jridgewell/trace-mapping@npm:0.3.25"
  dependencies:
    "@jridgewell/resolve-uri": "npm:^3.1.0"
    "@jridgewell/sourcemap-codec": "npm:^1.4.14"
  checksum: 10c0/3d1ce6ebc69df9682a5a8896b414c6537e428a1d68b02fcc8363b04284a8ca0df04d0ee3013132252ab14f2527bc13bea6526a912ecb5658f0e39fd2860b4df4
  languageName: node
  linkType: hard

"@msgpack/msgpack@npm:^3.1.1":
  version: 3.1.1
  resolution: "@msgpack/msgpack@npm:3.1.1"
  checksum: 10c0/f7048d2145ee39e4979b4e6bb9d9723db031ea7b4f00d0ec96258fbff40b8af027783f391ee294e5385a5a91849a77d934ad08eb11d08253484eee8f8f0866ff
  languageName: node
  linkType: hard

"@trivago/prettier-plugin-sort-imports@npm:^5.2.2":
  version: 5.2.2
  resolution: "@trivago/prettier-plugin-sort-imports@npm:5.2.2"
  dependencies:
    "@babel/generator": "npm:^7.26.5"
    "@babel/parser": "npm:^7.26.7"
    "@babel/traverse": "npm:^7.26.7"
    "@babel/types": "npm:^7.26.7"
    javascript-natural-sort: "npm:^0.7.1"
    lodash: "npm:^4.17.21"
  peerDependencies:
    "@vue/compiler-sfc": 3.x
    prettier: 2.x - 3.x
    prettier-plugin-svelte: 3.x
    svelte: 4.x || 5.x
  peerDependenciesMeta:
    "@vue/compiler-sfc":
      optional: true
    prettier-plugin-svelte:
      optional: true
    svelte:
      optional: true
  checksum: 10c0/2a4f0464f1f5a294bcd34558fb053f8263f0c62c4a7fcdd3ce40c9822a68ac8b4d951700ab6d01eb3919efe0ed44e4191997edd494d59679b22db1c0db00474e
  languageName: node
  linkType: hard

"asap@npm:^2.0.0":
  version: 2.0.6
  resolution: "asap@npm:2.0.6"
  checksum: 10c0/c6d5e39fe1f15e4b87677460bd66b66050cd14c772269cee6688824c1410a08ab20254bb6784f9afb75af9144a9f9a7692d49547f4d19d715aeb7c0318f3136d
  languageName: node
  linkType: hard

"debug@npm:^4.3.1":
  version: 4.4.0
  resolution: "debug@npm:4.4.0"
  dependencies:
    ms: "npm:^2.1.3"
  peerDependenciesMeta:
    supports-color:
      optional: true
  checksum: 10c0/db94f1a182bf886f57b4755f85b3a74c39b5114b9377b7ab375dc2cfa3454f09490cc6c30f829df3fc8042bc8b8995f6567ce5cd96f3bc3688bd24027197d9de
  languageName: node
  linkType: hard

"dezalgo@npm:^1.0.4":
  version: 1.0.4
  resolution: "dezalgo@npm:1.0.4"
  dependencies:
    asap: "npm:^2.0.0"
    wrappy: "npm:1"
  checksum: 10c0/8a870ed42eade9a397e6141fe5c025148a59ed52f1f28b1db5de216b4d57f0af7a257070c3af7ce3d5508c1ce9dd5009028a76f4b2cc9370dc56551d2355fad8
  languageName: node
  linkType: hard

"formidable@npm:^3.5.2":
  version: 3.5.2
  resolution: "formidable@npm:3.5.2"
  dependencies:
    dezalgo: "npm:^1.0.4"
    hexoid: "npm:^2.0.0"
    once: "npm:^1.4.0"
  checksum: 10c0/c26d89ba84d392f0e68ba1aca9f779e0f2e94db053d95df562c730782956f302e3f069c07ab96f991415af915ac7b8771f4c813d298df43577fdf439e1e8741e
  languageName: node
  linkType: hard

"globals@npm:^11.1.0":
  version: 11.12.0
  resolution: "globals@npm:11.12.0"
  checksum: 10c0/758f9f258e7b19226bd8d4af5d3b0dcf7038780fb23d82e6f98932c44e239f884847f1766e8fa9cc5635ccb3204f7fa7314d4408dd4002a5e8ea827b4018f0a1
  languageName: node
  linkType: hard

"hexoid@npm:^2.0.0":
  version: 2.0.0
  resolution: "hexoid@npm:2.0.0"
  checksum: 10c0/a9d5e6f4adeaefcb4a53803dd48bf0a242d92e8ec699555aea616c4bf8f91788f03093595085976f63d6830815dd080c063503540fabc7e854ebfb11161687c6
  languageName: node
  linkType: hard

"itty-router@npm:^5.0.18":
  version: 5.0.18
  resolution: "itty-router@npm:5.0.18"
  checksum: 10c0/f21afcf16135622de665b340e16262add2c35dab037c051448df8a2dd49bd83dfa1cf9323000839994157202befaa79f95bbc9e0ed106114cb9da66275ad9408
  languageName: node
  linkType: hard

"javascript-natural-sort@npm:^0.7.1":
  version: 0.7.1
  resolution: "javascript-natural-sort@npm:0.7.1"
  checksum: 10c0/340f8ffc5d30fb516e06dc540e8fa9e0b93c865cf49d791fed3eac3bdc5fc71f0066fc81d44ec1433edc87caecaf9f13eec4a1fce8c5beafc709a71eaedae6fe
  languageName: node
  linkType: hard

"js-tokens@npm:^4.0.0":
  version: 4.0.0
  resolution: "js-tokens@npm:4.0.0"
  checksum: 10c0/e248708d377aa058eacf2037b07ded847790e6de892bbad3dac0abba2e759cb9f121b00099a65195616badcb6eca8d14d975cb3e89eb1cfda644756402c8aeed
  languageName: node
  linkType: hard

"jsesc@npm:^3.0.2":
  version: 3.1.0
  resolution: "jsesc@npm:3.1.0"
  bin:
    jsesc: bin/jsesc
  checksum: 10c0/531779df5ec94f47e462da26b4cbf05eb88a83d9f08aac2ba04206508fc598527a153d08bd462bae82fc78b3eaa1a908e1a4a79f886e9238641c4cdefaf118b1
  languageName: node
  linkType: hard

"lodash@npm:^4.17.21":
  version: 4.17.21
  resolution: "lodash@npm:4.17.21"
  checksum: 10c0/d8cbea072bb08655bb4c989da418994b073a608dffa608b09ac04b43a791b12aeae7cd7ad919aa4c925f33b48490b5cfe6c1f71d827956071dae2e7bb3a6b74c
  languageName: node
  linkType: hard

"mock-api@workspace:.":
  version: 0.0.0-use.local
  resolution: "mock-api@workspace:."
  dependencies:
    "@msgpack/msgpack": "npm:^3.1.1"
    "@trivago/prettier-plugin-sort-imports": "npm:^5.2.2"
    formidable: "npm:^3.5.2"
    itty-router: "npm:^5.0.18"
    prettier: "npm:^3.5.3"
  languageName: unknown
  linkType: soft

"ms@npm:^2.1.3":
  version: 2.1.3
  resolution: "ms@npm:2.1.3"
  checksum: 10c0/d924b57e7312b3b63ad21fc5b3dc0af5e78d61a1fc7cfb5457edaf26326bf62be5307cc87ffb6862ef1c2b33b0233cdb5d4f01c4c958cc0d660948b65a287a48
  languageName: node
  linkType: hard

"once@npm:^1.4.0":
  version: 1.4.0
  resolution: "once@npm:1.4.0"
  dependencies:
    wrappy: "npm:1"
  checksum: 10c0/5d48aca287dfefabd756621c5dfce5c91a549a93e9fdb7b8246bc4c4790aa2ec17b34a260530474635147aeb631a2dcc8b32c613df0675f96041cbb8244517d0
  languageName: node
  linkType: hard

"picocolors@npm:^1.0.0":
  version: 1.1.1
  resolution: "picocolors@npm:1.1.1"
  checksum: 10c0/e2e3e8170ab9d7c7421969adaa7e1b31434f789afb9b3f115f6b96d91945041ac3ceb02e9ec6fe6510ff036bcc0bf91e69a1772edc0b707e12b19c0f2d6bcf58
  languageName: node
  linkType: hard

"prettier@npm:^3.5.3":
  version: 3.5.3
  resolution: "prettier@npm:3.5.3"
  bin:
    prettier: bin/prettier.cjs
  checksum: 10c0/3880cb90b9dc0635819ab52ff571518c35bd7f15a6e80a2054c05dbc8a3aa6e74f135519e91197de63705bcb38388ded7e7230e2178432a1468005406238b877
  languageName: node
  linkType: hard

"wrappy@npm:1":
  version: 1.0.2
  resolution: "wrappy@npm:1.0.2"
  checksum: 10c0/56fece1a4018c6a6c8e28fbc88c87e0fbf4ea8fd64fc6c63b18f4acc4bd13e0ad2515189786dd2c30d3eec9663d70f4ecf699330002f8ccb547e4a18231fc9f0
  languageName: node
  linkType: hard
